// !$*UTF8*$!
{
	archiveVersion = 1;
	classes = {
	};
	objectVersion = 52;
	objects = {

/* Begin PBXBuildFile section */
		092D18432987661000B883AE /* ViewController.swift in Sources */ = {isa = PBXBuildFile; fileRef = 092D18422987661000B883AE /* ViewController.swift */; };
		092D1848298768A200B883AE /* LoginViewController.swift in Sources */ = {isa = PBXBuildFile; fileRef = 092D1847298768A100B883AE /* LoginViewController.swift */; };
		092D184D29876DE100B883AE /* MainViewController.swift in Sources */ = {isa = PBXBuildFile; fileRef = 092D184C29876DE100B883AE /* MainViewController.swift */; };
		092F7C532982E12000EECFE5 /* GoogleService-Info.plist in Resources */ = {isa = PBXBuildFile; fileRef = 092F7C522982E12000EECFE5 /* GoogleService-Info.plist */; };
		0931C54529837E80008C3498 /* FoodModel.swift in Sources */ = {isa = PBXBuildFile; fileRef = 0931C54429837E80008C3498 /* FoodModel.swift */; };
		0931C54B2983DD4C008C3498 /* UserModel.swift in Sources */ = {isa = PBXBuildFile; fileRef = 0931C54A2983DD4C008C3498 /* UserModel.swift */; };
		09352BCA2988F9C300501DB1 /* ProfileViewController.swift in Sources */ = {isa = PBXBuildFile; fileRef = 09352BC92988F9C300501DB1 /* ProfileViewController.swift */; };
		09377894298213FF007F8F06 /* Controller.swift in Sources */ = {isa = PBXBuildFile; fileRef = 09377893298213FF007F8F06 /* Controller.swift */; };
		0937789A29821426007F8F06 /* AppData.swift in Sources */ = {isa = PBXBuildFile; fileRef = 0937789929821426007F8F06 /* AppData.swift */; };
		093778A9298218FA007F8F06 /* Validation.swift in Sources */ = {isa = PBXBuildFile; fileRef = 093778A8298218FA007F8F06 /* Validation.swift */; };
		0937A294298B592A00776203 /* HeaderCollectionReusableView.swift in Sources */ = {isa = PBXBuildFile; fileRef = 0937A293298B592A00776203 /* HeaderCollectionReusableView.swift */; };
		0937A2AB298B632000776203 /* FoodOptionHeaderView.swift in Sources */ = {isa = PBXBuildFile; fileRef = 0937A2AA298B632000776203 /* FoodOptionHeaderView.swift */; };
		0937A2B3298BEEFB00776203 /* FoodViewController.swift in Sources */ = {isa = PBXBuildFile; fileRef = 0937A2B2298BEEFB00776203 /* FoodViewController.swift */; };
		0938C1DD29893E8200EDB1A1 /* BFTextField.swift in Sources */ = {isa = PBXBuildFile; fileRef = 0938C1DC29893E8200EDB1A1 /* BFTextField.swift */; };
		0938C1E2298940B300EDB1A1 /* Colors.swift in Sources */ = {isa = PBXBuildFile; fileRef = 0938C1E1298940B300EDB1A1 /* Colors.swift */; };
		0938C1E8298942BB00EDB1A1 /* UITextField+Ext.swift in Sources */ = {isa = PBXBuildFile; fileRef = 0938C1E7298942BB00EDB1A1 /* UITextField+Ext.swift */; };
		0938C2082989450200EDB1A1 /* EuclidCircularB_Bold.ttf in Resources */ = {isa = PBXBuildFile; fileRef = 0938C2032989450200EDB1A1 /* EuclidCircularB_Bold.ttf */; };
		0938C2092989450200EDB1A1 /* EuclidCircularB_Regular.ttf in Resources */ = {isa = PBXBuildFile; fileRef = 0938C2042989450200EDB1A1 /* EuclidCircularB_Regular.ttf */; };
		0938C20A2989450200EDB1A1 /* EuclidCircularB_Medium.ttf in Resources */ = {isa = PBXBuildFile; fileRef = 0938C2052989450200EDB1A1 /* EuclidCircularB_Medium.ttf */; };
		0938C20B2989450200EDB1A1 /* EuclidCircularB_SemiBold.ttf in Resources */ = {isa = PBXBuildFile; fileRef = 0938C2062989450200EDB1A1 /* EuclidCircularB_SemiBold.ttf */; };
		0938C20C2989450200EDB1A1 /* EuclidCircularB_Light.ttf in Resources */ = {isa = PBXBuildFile; fileRef = 0938C2072989450200EDB1A1 /* EuclidCircularB_Light.ttf */; };
		0938C214298951C100EDB1A1 /* SignUpViewController.swift in Sources */ = {isa = PBXBuildFile; fileRef = 0938C213298951C100EDB1A1 /* SignUpViewController.swift */; };
		0938C219298974C900EDB1A1 /* FavouriteViewController.swift in Sources */ = {isa = PBXBuildFile; fileRef = 0938C218298974C900EDB1A1 /* FavouriteViewController.swift */; };
		0938C21E298983DB00EDB1A1 /* FoodViewLayout.swift in Sources */ = {isa = PBXBuildFile; fileRef = 0938C21D298983DA00EDB1A1 /* FoodViewLayout.swift */; };
		0938C2282989872200EDB1A1 /* FoodCollectionViewCell.swift in Sources */ = {isa = PBXBuildFile; fileRef = 0938C2272989872200EDB1A1 /* FoodCollectionViewCell.swift */; };
		0938C2302989884000EDB1A1 /* FoodDescriptionDetailsView.swift in Sources */ = {isa = PBXBuildFile; fileRef = 0938C22F2989884000EDB1A1 /* FoodDescriptionDetailsView.swift */; };
		0988F6AB2984351D00DBB755 /* Kingfisher in Frameworks */ = {isa = PBXBuildFile; productRef = 0988F6AA2984351D00DBB755 /* Kingfisher */; };
		09C5D74029780A7600D7C214 /* AppDelegate.swift in Sources */ = {isa = PBXBuildFile; fileRef = 09C5D73F29780A7600D7C214 /* AppDelegate.swift */; };
		09C5D74229780A7600D7C214 /* SceneDelegate.swift in Sources */ = {isa = PBXBuildFile; fileRef = 09C5D74129780A7600D7C214 /* SceneDelegate.swift */; };
		09C5D74429780A7600D7C214 /* ContentView.swift in Sources */ = {isa = PBXBuildFile; fileRef = 09C5D74329780A7600D7C214 /* ContentView.swift */; };
		09C5D74629780A8200D7C214 /* Assets.xcassets in Resources */ = {isa = PBXBuildFile; fileRef = 09C5D74529780A8200D7C214 /* Assets.xcassets */; };
		09C5D74929780A8200D7C214 /* Preview Assets.xcassets in Resources */ = {isa = PBXBuildFile; fileRef = 09C5D74829780A8200D7C214 /* Preview Assets.xcassets */; };
		09C5D74C29780A8200D7C214 /* LaunchScreen.storyboard in Resources */ = {isa = PBXBuildFile; fileRef = 09C5D74A29780A8200D7C214 /* LaunchScreen.storyboard */; };
		09C5D75729780A8300D7C214 /* HealthFoodTests.swift in Sources */ = {isa = PBXBuildFile; fileRef = 09C5D75629780A8300D7C214 /* HealthFoodTests.swift */; };
		09C5D76229780A8300D7C214 /* HealthFoodUITests.swift in Sources */ = {isa = PBXBuildFile; fileRef = 09C5D76129780A8300D7C214 /* HealthFoodUITests.swift */; };
		5824C45B2BEC33FDCBF05D43 /* Pods_HealthFoodTests.framework in Frameworks */ = {isa = PBXBuildFile; fileRef = 8C5E72030AC993FF6830EFD7 /* Pods_HealthFoodTests.framework */; };
		912E0FE64B3E10184971CBD5 /* Pods_HealthFood_HealthFoodUITests.framework in Frameworks */ = {isa = PBXBuildFile; fileRef = B4AD1EF1F88068E03F9E8DD1 /* Pods_HealthFood_HealthFoodUITests.framework */; };
		C1525311011D05C5B8538017 /* Pods_HealthFood.framework in Frameworks */ = {isa = PBXBuildFile; fileRef = 69FBAE80045A49C861FF4528 /* Pods_HealthFood.framework */; };
/* End PBXBuildFile section */

/* Begin PBXContainerItemProxy section */
		09C5D75329780A8200D7C214 /* PBXContainerItemProxy */ = {
			isa = PBXContainerItemProxy;
			containerPortal = 09C5D73429780A7600D7C214 /* Project object */;
			proxyType = 1;
			remoteGlobalIDString = 09C5D73B29780A7600D7C214;
			remoteInfo = HealthFood;
		};
		09C5D75E29780A8300D7C214 /* PBXContainerItemProxy */ = {
			isa = PBXContainerItemProxy;
			containerPortal = 09C5D73429780A7600D7C214 /* Project object */;
			proxyType = 1;
			remoteGlobalIDString = 09C5D73B29780A7600D7C214;
			remoteInfo = HealthFood;
		};
/* End PBXContainerItemProxy section */

/* Begin PBXFileReference section */
		092D18422987661000B883AE /* ViewController.swift */ = {isa = PBXFileReference; lastKnownFileType = sourcecode.swift; path = ViewController.swift; sourceTree = "<group>"; };
		092D1847298768A100B883AE /* LoginViewController.swift */ = {isa = PBXFileReference; lastKnownFileType = sourcecode.swift; path = LoginViewController.swift; sourceTree = "<group>"; };
		092D184C29876DE100B883AE /* MainViewController.swift */ = {isa = PBXFileReference; lastKnownFileType = sourcecode.swift; path = MainViewController.swift; sourceTree = "<group>"; };
		092F7C522982E12000EECFE5 /* GoogleService-Info.plist */ = {isa = PBXFileReference; fileEncoding = 4; lastKnownFileType = text.plist.xml; path = "GoogleService-Info.plist"; sourceTree = "<group>"; };
		0931C54429837E80008C3498 /* FoodModel.swift */ = {isa = PBXFileReference; lastKnownFileType = sourcecode.swift; path = FoodModel.swift; sourceTree = "<group>"; };
		0931C54A2983DD4C008C3498 /* UserModel.swift */ = {isa = PBXFileReference; lastKnownFileType = sourcecode.swift; path = UserModel.swift; sourceTree = "<group>"; };
		09352BC92988F9C300501DB1 /* ProfileViewController.swift */ = {isa = PBXFileReference; lastKnownFileType = sourcecode.swift; path = ProfileViewController.swift; sourceTree = "<group>"; };
		09377893298213FF007F8F06 /* Controller.swift */ = {isa = PBXFileReference; lastKnownFileType = sourcecode.swift; path = Controller.swift; sourceTree = "<group>"; };
		0937789929821426007F8F06 /* AppData.swift */ = {isa = PBXFileReference; lastKnownFileType = sourcecode.swift; name = AppData.swift; path = HealthFood/AppData.swift; sourceTree = SOURCE_ROOT; };
		093778A8298218FA007F8F06 /* Validation.swift */ = {isa = PBXFileReference; lastKnownFileType = sourcecode.swift; path = Validation.swift; sourceTree = "<group>"; };
		0937A293298B592A00776203 /* HeaderCollectionReusableView.swift */ = {isa = PBXFileReference; lastKnownFileType = sourcecode.swift; path = HeaderCollectionReusableView.swift; sourceTree = "<group>"; };
		0937A2AA298B632000776203 /* FoodOptionHeaderView.swift */ = {isa = PBXFileReference; lastKnownFileType = sourcecode.swift; path = FoodOptionHeaderView.swift; sourceTree = "<group>"; };
		0937A2B2298BEEFB00776203 /* FoodViewController.swift */ = {isa = PBXFileReference; lastKnownFileType = sourcecode.swift; path = FoodViewController.swift; sourceTree = "<group>"; };
		0938C1DC29893E8200EDB1A1 /* BFTextField.swift */ = {isa = PBXFileReference; lastKnownFileType = sourcecode.swift; path = BFTextField.swift; sourceTree = "<group>"; };
		0938C1E1298940B300EDB1A1 /* Colors.swift */ = {isa = PBXFileReference; lastKnownFileType = sourcecode.swift; path = Colors.swift; sourceTree = "<group>"; };
		0938C1E7298942BB00EDB1A1 /* UITextField+Ext.swift */ = {isa = PBXFileReference; lastKnownFileType = sourcecode.swift; path = "UITextField+Ext.swift"; sourceTree = "<group>"; };
		0938C2032989450200EDB1A1 /* EuclidCircularB_Bold.ttf */ = {isa = PBXFileReference; lastKnownFileType = file; name = EuclidCircularB_Bold.ttf; path = HealthFood/Fonts/EuclidCircularB_Bold.ttf; sourceTree = SOURCE_ROOT; };
		0938C2042989450200EDB1A1 /* EuclidCircularB_Regular.ttf */ = {isa = PBXFileReference; lastKnownFileType = file; name = EuclidCircularB_Regular.ttf; path = HealthFood/Fonts/EuclidCircularB_Regular.ttf; sourceTree = SOURCE_ROOT; };
		0938C2052989450200EDB1A1 /* EuclidCircularB_Medium.ttf */ = {isa = PBXFileReference; lastKnownFileType = file; name = EuclidCircularB_Medium.ttf; path = HealthFood/Fonts/EuclidCircularB_Medium.ttf; sourceTree = SOURCE_ROOT; };
		0938C2062989450200EDB1A1 /* EuclidCircularB_SemiBold.ttf */ = {isa = PBXFileReference; lastKnownFileType = file; name = EuclidCircularB_SemiBold.ttf; path = HealthFood/Fonts/EuclidCircularB_SemiBold.ttf; sourceTree = SOURCE_ROOT; };
		0938C2072989450200EDB1A1 /* EuclidCircularB_Light.ttf */ = {isa = PBXFileReference; lastKnownFileType = file; name = EuclidCircularB_Light.ttf; path = HealthFood/Fonts/EuclidCircularB_Light.ttf; sourceTree = SOURCE_ROOT; };
		0938C213298951C100EDB1A1 /* SignUpViewController.swift */ = {isa = PBXFileReference; lastKnownFileType = sourcecode.swift; path = SignUpViewController.swift; sourceTree = "<group>"; };
		0938C218298974C900EDB1A1 /* FavouriteViewController.swift */ = {isa = PBXFileReference; lastKnownFileType = sourcecode.swift; path = FavouriteViewController.swift; sourceTree = "<group>"; };
		0938C21D298983DA00EDB1A1 /* FoodViewLayout.swift */ = {isa = PBXFileReference; lastKnownFileType = sourcecode.swift; path = FoodViewLayout.swift; sourceTree = "<group>"; };
		0938C2272989872200EDB1A1 /* FoodCollectionViewCell.swift */ = {isa = PBXFileReference; lastKnownFileType = sourcecode.swift; path = FoodCollectionViewCell.swift; sourceTree = "<group>"; };
		0938C22F2989884000EDB1A1 /* FoodDescriptionDetailsView.swift */ = {isa = PBXFileReference; lastKnownFileType = sourcecode.swift; path = FoodDescriptionDetailsView.swift; sourceTree = "<group>"; };
		09C5D73C29780A7600D7C214 /* HealthFood.app */ = {isa = PBXFileReference; explicitFileType = wrapper.application; includeInIndex = 0; path = HealthFood.app; sourceTree = BUILT_PRODUCTS_DIR; };
		09C5D73F29780A7600D7C214 /* AppDelegate.swift */ = {isa = PBXFileReference; lastKnownFileType = sourcecode.swift; path = AppDelegate.swift; sourceTree = "<group>"; };
		09C5D74129780A7600D7C214 /* SceneDelegate.swift */ = {isa = PBXFileReference; lastKnownFileType = sourcecode.swift; path = SceneDelegate.swift; sourceTree = "<group>"; };
		09C5D74329780A7600D7C214 /* ContentView.swift */ = {isa = PBXFileReference; lastKnownFileType = sourcecode.swift; path = ContentView.swift; sourceTree = "<group>"; };
		09C5D74529780A8200D7C214 /* Assets.xcassets */ = {isa = PBXFileReference; lastKnownFileType = folder.assetcatalog; path = Assets.xcassets; sourceTree = "<group>"; };
		09C5D74829780A8200D7C214 /* Preview Assets.xcassets */ = {isa = PBXFileReference; lastKnownFileType = folder.assetcatalog; path = "Preview Assets.xcassets"; sourceTree = "<group>"; };
		09C5D74B29780A8200D7C214 /* Base */ = {isa = PBXFileReference; lastKnownFileType = file.storyboard; name = Base; path = Base.lproj/LaunchScreen.storyboard; sourceTree = "<group>"; };
		09C5D74D29780A8200D7C214 /* Info.plist */ = {isa = PBXFileReference; lastKnownFileType = text.plist.xml; path = Info.plist; sourceTree = "<group>"; };
		09C5D75229780A8200D7C214 /* HealthFoodTests.xctest */ = {isa = PBXFileReference; explicitFileType = wrapper.cfbundle; includeInIndex = 0; path = HealthFoodTests.xctest; sourceTree = BUILT_PRODUCTS_DIR; };
		09C5D75629780A8300D7C214 /* HealthFoodTests.swift */ = {isa = PBXFileReference; lastKnownFileType = sourcecode.swift; path = HealthFoodTests.swift; sourceTree = "<group>"; };
		09C5D75829780A8300D7C214 /* Info.plist */ = {isa = PBXFileReference; lastKnownFileType = text.plist.xml; path = Info.plist; sourceTree = "<group>"; };
		09C5D75D29780A8300D7C214 /* HealthFoodUITests.xctest */ = {isa = PBXFileReference; explicitFileType = wrapper.cfbundle; includeInIndex = 0; path = HealthFoodUITests.xctest; sourceTree = BUILT_PRODUCTS_DIR; };
		09C5D76129780A8300D7C214 /* HealthFoodUITests.swift */ = {isa = PBXFileReference; lastKnownFileType = sourcecode.swift; path = HealthFoodUITests.swift; sourceTree = "<group>"; };
		09C5D76329780A8300D7C214 /* Info.plist */ = {isa = PBXFileReference; lastKnownFileType = text.plist.xml; path = Info.plist; sourceTree = "<group>"; };
		114F8B0D5EBDF3A4B7F6BADD /* Pods-HealthFood-HealthFoodUITests.debug.xcconfig */ = {isa = PBXFileReference; includeInIndex = 1; lastKnownFileType = text.xcconfig; name = "Pods-HealthFood-HealthFoodUITests.debug.xcconfig"; path = "Target Support Files/Pods-HealthFood-HealthFoodUITests/Pods-HealthFood-HealthFoodUITests.debug.xcconfig"; sourceTree = "<group>"; };
		16E109B366A92AB0F6373A8D /* Pods-HealthFoodTests.debug.xcconfig */ = {isa = PBXFileReference; includeInIndex = 1; lastKnownFileType = text.xcconfig; name = "Pods-HealthFoodTests.debug.xcconfig"; path = "Target Support Files/Pods-HealthFoodTests/Pods-HealthFoodTests.debug.xcconfig"; sourceTree = "<group>"; };
		4EF5C658C04F8449564661AC /* Pods-HealthFood.release.xcconfig */ = {isa = PBXFileReference; includeInIndex = 1; lastKnownFileType = text.xcconfig; name = "Pods-HealthFood.release.xcconfig"; path = "Target Support Files/Pods-HealthFood/Pods-HealthFood.release.xcconfig"; sourceTree = "<group>"; };
		559C0ADB86A0DBBC0D2F46AF /* Pods-HealthFood-HealthFoodUITests.release.xcconfig */ = {isa = PBXFileReference; includeInIndex = 1; lastKnownFileType = text.xcconfig; name = "Pods-HealthFood-HealthFoodUITests.release.xcconfig"; path = "Target Support Files/Pods-HealthFood-HealthFoodUITests/Pods-HealthFood-HealthFoodUITests.release.xcconfig"; sourceTree = "<group>"; };
		5B60A617F7A8C79BD40FDB45 /* Pods-HealthFoodTests.release.xcconfig */ = {isa = PBXFileReference; includeInIndex = 1; lastKnownFileType = text.xcconfig; name = "Pods-HealthFoodTests.release.xcconfig"; path = "Target Support Files/Pods-HealthFoodTests/Pods-HealthFoodTests.release.xcconfig"; sourceTree = "<group>"; };
		6224D55DE142FC3402135753 /* Pods-HealthFood.debug.xcconfig */ = {isa = PBXFileReference; includeInIndex = 1; lastKnownFileType = text.xcconfig; name = "Pods-HealthFood.debug.xcconfig"; path = "Target Support Files/Pods-HealthFood/Pods-HealthFood.debug.xcconfig"; sourceTree = "<group>"; };
		69FBAE80045A49C861FF4528 /* Pods_HealthFood.framework */ = {isa = PBXFileReference; explicitFileType = wrapper.framework; includeInIndex = 0; path = Pods_HealthFood.framework; sourceTree = BUILT_PRODUCTS_DIR; };
		8C5E72030AC993FF6830EFD7 /* Pods_HealthFoodTests.framework */ = {isa = PBXFileReference; explicitFileType = wrapper.framework; includeInIndex = 0; path = Pods_HealthFoodTests.framework; sourceTree = BUILT_PRODUCTS_DIR; };
		B4AD1EF1F88068E03F9E8DD1 /* Pods_HealthFood_HealthFoodUITests.framework */ = {isa = PBXFileReference; explicitFileType = wrapper.framework; includeInIndex = 0; path = Pods_HealthFood_HealthFoodUITests.framework; sourceTree = BUILT_PRODUCTS_DIR; };
/* End PBXFileReference section */

/* Begin PBXFrameworksBuildPhase section */
		09C5D73929780A7600D7C214 /* Frameworks */ = {
			isa = PBXFrameworksBuildPhase;
			buildActionMask = 2147483647;
			files = (
				0988F6AB2984351D00DBB755 /* Kingfisher in Frameworks */,
				C1525311011D05C5B8538017 /* Pods_HealthFood.framework in Frameworks */,
			);
			runOnlyForDeploymentPostprocessing = 0;
		};
		09C5D74F29780A8200D7C214 /* Frameworks */ = {
			isa = PBXFrameworksBuildPhase;
			buildActionMask = 2147483647;
			files = (
				5824C45B2BEC33FDCBF05D43 /* Pods_HealthFoodTests.framework in Frameworks */,
			);
			runOnlyForDeploymentPostprocessing = 0;
		};
		09C5D75A29780A8300D7C214 /* Frameworks */ = {
			isa = PBXFrameworksBuildPhase;
			buildActionMask = 2147483647;
			files = (
				912E0FE64B3E10184971CBD5 /* Pods_HealthFood_HealthFoodUITests.framework in Frameworks */,
			);
			runOnlyForDeploymentPostprocessing = 0;
		};
/* End PBXFrameworksBuildPhase section */

/* Begin PBXGroup section */
		092F7C5A2982E67D00EECFE5 /* Custom */ = {
			isa = PBXGroup;
			children = (
				0938C2262989870D00EDB1A1 /* Cell */,
				0938C1DC29893E8200EDB1A1 /* BFTextField.swift */,
				0938C21D298983DA00EDB1A1 /* FoodViewLayout.swift */,
				0938C22F2989884000EDB1A1 /* FoodDescriptionDetailsView.swift */,
				0937A293298B592A00776203 /* HeaderCollectionReusableView.swift */,
				0937A2AA298B632000776203 /* FoodOptionHeaderView.swift */,
			);
			path = Custom;
			sourceTree = "<group>";
		};
		0937789829821408007F8F06 /* Common */ = {
			isa = PBXGroup;
			children = (
				0937789929821426007F8F06 /* AppData.swift */,
				093778A8298218FA007F8F06 /* Validation.swift */,
				0938C1E1298940B300EDB1A1 /* Colors.swift */,
			);
			name = Common;
			path = "New Group";
			sourceTree = "<group>";
		};
		0938C1E62989429F00EDB1A1 /* Extentions */ = {
			isa = PBXGroup;
			children = (
				0938C1E7298942BB00EDB1A1 /* UITextField+Ext.swift */,
			);
			path = Extentions;
			sourceTree = "<group>";
		};
		0938C202298944E100EDB1A1 /* CustomFonts */ = {
			isa = PBXGroup;
			children = (
				0938C2032989450200EDB1A1 /* EuclidCircularB_Bold.ttf */,
				0938C2072989450200EDB1A1 /* EuclidCircularB_Light.ttf */,
				0938C2052989450200EDB1A1 /* EuclidCircularB_Medium.ttf */,
				0938C2042989450200EDB1A1 /* EuclidCircularB_Regular.ttf */,
				0938C2062989450200EDB1A1 /* EuclidCircularB_SemiBold.ttf */,
			);
			path = CustomFonts;
			sourceTree = "<group>";
		};
		0938C2262989870D00EDB1A1 /* Cell */ = {
			isa = PBXGroup;
			children = (
				0938C2272989872200EDB1A1 /* FoodCollectionViewCell.swift */,
			);
			path = Cell;
			sourceTree = "<group>";
		};
		0945E93229816A740094BAA3 /* Views */ = {
			isa = PBXGroup;
			children = (
				092F7C5A2982E67D00EECFE5 /* Custom */,
				092D18422987661000B883AE /* ViewController.swift */,
				092D1847298768A100B883AE /* LoginViewController.swift */,
				092D184C29876DE100B883AE /* MainViewController.swift */,
				09352BC92988F9C300501DB1 /* ProfileViewController.swift */,
				0938C213298951C100EDB1A1 /* SignUpViewController.swift */,
				0938C218298974C900EDB1A1 /* FavouriteViewController.swift */,
				0937A2B2298BEEFB00776203 /* FoodViewController.swift */,
			);
			path = Views;
			sourceTree = "<group>";
		};
		0945E93329816A810094BAA3 /* Model */ = {
			isa = PBXGroup;
			children = (
				0931C54429837E80008C3498 /* FoodModel.swift */,
				0931C54A2983DD4C008C3498 /* UserModel.swift */,
			);
			path = Model;
			sourceTree = "<group>";
		};
		0945E93429816A930094BAA3 /* Api */ = {
			isa = PBXGroup;
			children = (
				09377893298213FF007F8F06 /* Controller.swift */,
			);
			path = Api;
			sourceTree = "<group>";
		};
		09C5D73329780A7600D7C214 = {
			isa = PBXGroup;
			children = (
				09C5D73E29780A7600D7C214 /* HealthFood */,
				09C5D75529780A8200D7C214 /* HealthFoodTests */,
				09C5D76029780A8300D7C214 /* HealthFoodUITests */,
				09C5D73D29780A7600D7C214 /* Products */,
				FAB262D754EA65A6A5344B1F /* Pods */,
				4EBC56718104469B1F945748 /* Frameworks */,
			);
			sourceTree = "<group>";
		};
		09C5D73D29780A7600D7C214 /* Products */ = {
			isa = PBXGroup;
			children = (
				09C5D73C29780A7600D7C214 /* HealthFood.app */,
				09C5D75229780A8200D7C214 /* HealthFoodTests.xctest */,
				09C5D75D29780A8300D7C214 /* HealthFoodUITests.xctest */,
			);
			name = Products;
			sourceTree = "<group>";
		};
		09C5D73E29780A7600D7C214 /* HealthFood */ = {
			isa = PBXGroup;
			children = (
				0938C202298944E100EDB1A1 /* CustomFonts */,
				0938C1E62989429F00EDB1A1 /* Extentions */,
				0937789829821408007F8F06 /* Common */,
				0945E93429816A930094BAA3 /* Api */,
				0945E93329816A810094BAA3 /* Model */,
				0945E93229816A740094BAA3 /* Views */,
				09C5D73F29780A7600D7C214 /* AppDelegate.swift */,
				092F7C522982E12000EECFE5 /* GoogleService-Info.plist */,
				09C5D74129780A7600D7C214 /* SceneDelegate.swift */,
				09C5D74329780A7600D7C214 /* ContentView.swift */,
				09C5D74529780A8200D7C214 /* Assets.xcassets */,
				09C5D74A29780A8200D7C214 /* LaunchScreen.storyboard */,
				09C5D74D29780A8200D7C214 /* Info.plist */,
				09C5D74729780A8200D7C214 /* Preview Content */,
			);
			path = HealthFood;
			sourceTree = "<group>";
		};
		09C5D74729780A8200D7C214 /* Preview Content */ = {
			isa = PBXGroup;
			children = (
				09C5D74829780A8200D7C214 /* Preview Assets.xcassets */,
			);
			path = "Preview Content";
			sourceTree = "<group>";
		};
		09C5D75529780A8200D7C214 /* HealthFoodTests */ = {
			isa = PBXGroup;
			children = (
				09C5D75629780A8300D7C214 /* HealthFoodTests.swift */,
				09C5D75829780A8300D7C214 /* Info.plist */,
			);
			path = HealthFoodTests;
			sourceTree = "<group>";
		};
		09C5D76029780A8300D7C214 /* HealthFoodUITests */ = {
			isa = PBXGroup;
			children = (
				09C5D76129780A8300D7C214 /* HealthFoodUITests.swift */,
				09C5D76329780A8300D7C214 /* Info.plist */,
			);
			path = HealthFoodUITests;
			sourceTree = "<group>";
		};
		4EBC56718104469B1F945748 /* Frameworks */ = {
			isa = PBXGroup;
			children = (
				69FBAE80045A49C861FF4528 /* Pods_HealthFood.framework */,
				B4AD1EF1F88068E03F9E8DD1 /* Pods_HealthFood_HealthFoodUITests.framework */,
				8C5E72030AC993FF6830EFD7 /* Pods_HealthFoodTests.framework */,
			);
			name = Frameworks;
			sourceTree = "<group>";
		};
		FAB262D754EA65A6A5344B1F /* Pods */ = {
			isa = PBXGroup;
			children = (
				6224D55DE142FC3402135753 /* Pods-HealthFood.debug.xcconfig */,
				4EF5C658C04F8449564661AC /* Pods-HealthFood.release.xcconfig */,
				114F8B0D5EBDF3A4B7F6BADD /* Pods-HealthFood-HealthFoodUITests.debug.xcconfig */,
				559C0ADB86A0DBBC0D2F46AF /* Pods-HealthFood-HealthFoodUITests.release.xcconfig */,
				16E109B366A92AB0F6373A8D /* Pods-HealthFoodTests.debug.xcconfig */,
				5B60A617F7A8C79BD40FDB45 /* Pods-HealthFoodTests.release.xcconfig */,
			);
			path = Pods;
			sourceTree = "<group>";
		};
/* End PBXGroup section */

/* Begin PBXNativeTarget section */
		09C5D73B29780A7600D7C214 /* HealthFood */ = {
			isa = PBXNativeTarget;
			buildConfigurationList = 09C5D76629780A8300D7C214 /* Build configuration list for PBXNativeTarget "HealthFood" */;
			buildPhases = (
				C9A665D234AF3FB3B2F7C1B7 /* [CP] Check Pods Manifest.lock */,
				09C5D73829780A7600D7C214 /* Sources */,
				09C5D73929780A7600D7C214 /* Frameworks */,
				09C5D73A29780A7600D7C214 /* Resources */,
				1A4508D63E3DB4AD3CAEE454 /* [CP] Embed Pods Frameworks */,
			);
			buildRules = (
			);
			dependencies = (
			);
			name = HealthFood;
			packageProductDependencies = (
				0988F6AA2984351D00DBB755 /* Kingfisher */,
			);
			productName = HealthFood;
			productReference = 09C5D73C29780A7600D7C214 /* HealthFood.app */;
			productType = "com.apple.product-type.application";
		};
		09C5D75129780A8200D7C214 /* HealthFoodTests */ = {
			isa = PBXNativeTarget;
			buildConfigurationList = 09C5D76929780A8300D7C214 /* Build configuration list for PBXNativeTarget "HealthFoodTests" */;
			buildPhases = (
				0F9578ED6D3CCBEE105D96FE /* [CP] Check Pods Manifest.lock */,
				09C5D74E29780A8200D7C214 /* Sources */,
				09C5D74F29780A8200D7C214 /* Frameworks */,
				09C5D75029780A8200D7C214 /* Resources */,
			);
			buildRules = (
			);
			dependencies = (
				09C5D75429780A8200D7C214 /* PBXTargetDependency */,
			);
			name = HealthFoodTests;
			productName = HealthFoodTests;
			productReference = 09C5D75229780A8200D7C214 /* HealthFoodTests.xctest */;
			productType = "com.apple.product-type.bundle.unit-test";
		};
		09C5D75C29780A8300D7C214 /* HealthFoodUITests */ = {
			isa = PBXNativeTarget;
			buildConfigurationList = 09C5D76C29780A8300D7C214 /* Build configuration list for PBXNativeTarget "HealthFoodUITests" */;
			buildPhases = (
				E938A5C987C1E8110A33326A /* [CP] Check Pods Manifest.lock */,
				09C5D75929780A8300D7C214 /* Sources */,
				09C5D75A29780A8300D7C214 /* Frameworks */,
				09C5D75B29780A8300D7C214 /* Resources */,
				45A998557AB15BF492D67E1A /* [CP] Embed Pods Frameworks */,
			);
			buildRules = (
			);
			dependencies = (
				09C5D75F29780A8300D7C214 /* PBXTargetDependency */,
			);
			name = HealthFoodUITests;
			productName = HealthFoodUITests;
			productReference = 09C5D75D29780A8300D7C214 /* HealthFoodUITests.xctest */;
			productType = "com.apple.product-type.bundle.ui-testing";
		};
/* End PBXNativeTarget section */

/* Begin PBXProject section */
		09C5D73429780A7600D7C214 /* Project object */ = {
			isa = PBXProject;
			attributes = {
				LastSwiftUpdateCheck = 1160;
				LastUpgradeCheck = 1160;
				ORGANIZATIONNAME = Pabasara;
				TargetAttributes = {
					09C5D73B29780A7600D7C214 = {
						CreatedOnToolsVersion = 11.6;
					};
					09C5D75129780A8200D7C214 = {
						CreatedOnToolsVersion = 11.6;
						TestTargetID = 09C5D73B29780A7600D7C214;
					};
					09C5D75C29780A8300D7C214 = {
						CreatedOnToolsVersion = 11.6;
						TestTargetID = 09C5D73B29780A7600D7C214;
					};
				};
			};
			buildConfigurationList = 09C5D73729780A7600D7C214 /* Build configuration list for PBXProject "HealthFood" */;
			compatibilityVersion = "Xcode 9.3";
			developmentRegion = en;
			hasScannedForEncodings = 0;
			knownRegions = (
				en,
				Base,
			);
			mainGroup = 09C5D73329780A7600D7C214;
			packageReferences = (
				0988F6A92984351D00DBB755 /* XCRemoteSwiftPackageReference "Kingfisher" */,
			);
			productRefGroup = 09C5D73D29780A7600D7C214 /* Products */;
			projectDirPath = "";
			projectRoot = "";
			targets = (
				09C5D73B29780A7600D7C214 /* HealthFood */,
				09C5D75129780A8200D7C214 /* HealthFoodTests */,
				09C5D75C29780A8300D7C214 /* HealthFoodUITests */,
			);
		};
/* End PBXProject section */

/* Begin PBXResourcesBuildPhase section */
		09C5D73A29780A7600D7C214 /* Resources */ = {
			isa = PBXResourcesBuildPhase;
			buildActionMask = 2147483647;
			files = (
				0938C20C2989450200EDB1A1 /* EuclidCircularB_Light.ttf in Resources */,
				09C5D74C29780A8200D7C214 /* LaunchScreen.storyboard in Resources */,
				092F7C532982E12000EECFE5 /* GoogleService-Info.plist in Resources */,
				0938C20A2989450200EDB1A1 /* EuclidCircularB_Medium.ttf in Resources */,
				0938C20B2989450200EDB1A1 /* EuclidCircularB_SemiBold.ttf in Resources */,
				0938C2082989450200EDB1A1 /* EuclidCircularB_Bold.ttf in Resources */,
				0938C2092989450200EDB1A1 /* EuclidCircularB_Regular.ttf in Resources */,
				09C5D74929780A8200D7C214 /* Preview Assets.xcassets in Resources */,
				09C5D74629780A8200D7C214 /* Assets.xcassets in Resources */,
			);
			runOnlyForDeploymentPostprocessing = 0;
		};
		09C5D75029780A8200D7C214 /* Resources */ = {
			isa = PBXResourcesBuildPhase;
			buildActionMask = 2147483647;
			files = (
			);
			runOnlyForDeploymentPostprocessing = 0;
		};
		09C5D75B29780A8300D7C214 /* Resources */ = {
			isa = PBXResourcesBuildPhase;
			buildActionMask = 2147483647;
			files = (
			);
			runOnlyForDeploymentPostprocessing = 0;
		};
/* End PBXResourcesBuildPhase section */

/* Begin PBXShellScriptBuildPhase section */
		0F9578ED6D3CCBEE105D96FE /* [CP] Check Pods Manifest.lock */ = {
			isa = PBXShellScriptBuildPhase;
			buildActionMask = 2147483647;
			files = (
			);
			inputFileListPaths = (
			);
			inputPaths = (
				"${PODS_PODFILE_DIR_PATH}/Podfile.lock",
				"${PODS_ROOT}/Manifest.lock",
			);
			name = "[CP] Check Pods Manifest.lock";
			outputFileListPaths = (
			);
			outputPaths = (
				"$(DERIVED_FILE_DIR)/Pods-HealthFoodTests-checkManifestLockResult.txt",
			);
			runOnlyForDeploymentPostprocessing = 0;
			shellPath = /bin/sh;
			shellScript = "diff \"${PODS_PODFILE_DIR_PATH}/Podfile.lock\" \"${PODS_ROOT}/Manifest.lock\" > /dev/null\nif [ $? != 0 ] ; then\n    # print error to STDERR\n    echo \"error: The sandbox is not in sync with the Podfile.lock. Run 'pod install' or update your CocoaPods installation.\" >&2\n    exit 1\nfi\n# This output is used by Xcode 'outputs' to avoid re-running this script phase.\necho \"SUCCESS\" > \"${SCRIPT_OUTPUT_FILE_0}\"\n";
			showEnvVarsInLog = 0;
		};
		1A4508D63E3DB4AD3CAEE454 /* [CP] Embed Pods Frameworks */ = {
			isa = PBXShellScriptBuildPhase;
			buildActionMask = 2147483647;
			files = (
			);
			inputFileListPaths = (
				"${PODS_ROOT}/Target Support Files/Pods-HealthFood/Pods-HealthFood-frameworks-${CONFIGURATION}-input-files.xcfilelist",
			);
			name = "[CP] Embed Pods Frameworks";
			outputFileListPaths = (
				"${PODS_ROOT}/Target Support Files/Pods-HealthFood/Pods-HealthFood-frameworks-${CONFIGURATION}-output-files.xcfilelist",
			);
			runOnlyForDeploymentPostprocessing = 0;
			shellPath = /bin/sh;
			shellScript = "\"${PODS_ROOT}/Target Support Files/Pods-HealthFood/Pods-HealthFood-frameworks.sh\"\n";
			showEnvVarsInLog = 0;
		};
		45A998557AB15BF492D67E1A /* [CP] Embed Pods Frameworks */ = {
			isa = PBXShellScriptBuildPhase;
			buildActionMask = 2147483647;
			files = (
			);
			inputFileListPaths = (
				"${PODS_ROOT}/Target Support Files/Pods-HealthFood-HealthFoodUITests/Pods-HealthFood-HealthFoodUITests-frameworks-${CONFIGURATION}-input-files.xcfilelist",
			);
			name = "[CP] Embed Pods Frameworks";
			outputFileListPaths = (
				"${PODS_ROOT}/Target Support Files/Pods-HealthFood-HealthFoodUITests/Pods-HealthFood-HealthFoodUITests-frameworks-${CONFIGURATION}-output-files.xcfilelist",
			);
			runOnlyForDeploymentPostprocessing = 0;
			shellPath = /bin/sh;
			shellScript = "\"${PODS_ROOT}/Target Support Files/Pods-HealthFood-HealthFoodUITests/Pods-HealthFood-HealthFoodUITests-frameworks.sh\"\n";
			showEnvVarsInLog = 0;
		};
		C9A665D234AF3FB3B2F7C1B7 /* [CP] Check Pods Manifest.lock */ = {
			isa = PBXShellScriptBuildPhase;
			buildActionMask = 2147483647;
			files = (
			);
			inputFileListPaths = (
			);
			inputPaths = (
				"${PODS_PODFILE_DIR_PATH}/Podfile.lock",
				"${PODS_ROOT}/Manifest.lock",
			);
			name = "[CP] Check Pods Manifest.lock";
			outputFileListPaths = (
			);
			outputPaths = (
				"$(DERIVED_FILE_DIR)/Pods-HealthFood-checkManifestLockResult.txt",
			);
			runOnlyForDeploymentPostprocessing = 0;
			shellPath = /bin/sh;
			shellScript = "diff \"${PODS_PODFILE_DIR_PATH}/Podfile.lock\" \"${PODS_ROOT}/Manifest.lock\" > /dev/null\nif [ $? != 0 ] ; then\n    # print error to STDERR\n    echo \"error: The sandbox is not in sync with the Podfile.lock. Run 'pod install' or update your CocoaPods installation.\" >&2\n    exit 1\nfi\n# This output is used by Xcode 'outputs' to avoid re-running this script phase.\necho \"SUCCESS\" > \"${SCRIPT_OUTPUT_FILE_0}\"\n";
			showEnvVarsInLog = 0;
		};
		E938A5C987C1E8110A33326A /* [CP] Check Pods Manifest.lock */ = {
			isa = PBXShellScriptBuildPhase;
			buildActionMask = 2147483647;
			files = (
			);
			inputFileListPaths = (
			);
			inputPaths = (
				"${PODS_PODFILE_DIR_PATH}/Podfile.lock",
				"${PODS_ROOT}/Manifest.lock",
			);
			name = "[CP] Check Pods Manifest.lock";
			outputFileListPaths = (
			);
			outputPaths = (
				"$(DERIVED_FILE_DIR)/Pods-HealthFood-HealthFoodUITests-checkManifestLockResult.txt",
			);
			runOnlyForDeploymentPostprocessing = 0;
			shellPath = /bin/sh;
			shellScript = "diff \"${PODS_PODFILE_DIR_PATH}/Podfile.lock\" \"${PODS_ROOT}/Manifest.lock\" > /dev/null\nif [ $? != 0 ] ; then\n    # print error to STDERR\n    echo \"error: The sandbox is not in sync with the Podfile.lock. Run 'pod install' or update your CocoaPods installation.\" >&2\n    exit 1\nfi\n# This output is used by Xcode 'outputs' to avoid re-running this script phase.\necho \"SUCCESS\" > \"${SCRIPT_OUTPUT_FILE_0}\"\n";
			showEnvVarsInLog = 0;
		};
/* End PBXShellScriptBuildPhase section */

/* Begin PBXSourcesBuildPhase section */
		09C5D73829780A7600D7C214 /* Sources */ = {
			isa = PBXSourcesBuildPhase;
			buildActionMask = 2147483647;
			files = (
				09377894298213FF007F8F06 /* Controller.swift in Sources */,
				0938C1DD29893E8200EDB1A1 /* BFTextField.swift in Sources */,
				0938C214298951C100EDB1A1 /* SignUpViewController.swift in Sources */,
				0937A2AB298B632000776203 /* FoodOptionHeaderView.swift in Sources */,
				09C5D74029780A7600D7C214 /* AppDelegate.swift in Sources */,
				092D1848298768A200B883AE /* LoginViewController.swift in Sources */,
				09C5D74229780A7600D7C214 /* SceneDelegate.swift in Sources */,
				0938C219298974C900EDB1A1 /* FavouriteViewController.swift in Sources */,
				093778A9298218FA007F8F06 /* Validation.swift in Sources */,
				0931C54B2983DD4C008C3498 /* UserModel.swift in Sources */,
				0938C1E2298940B300EDB1A1 /* Colors.swift in Sources */,
				092D18432987661000B883AE /* ViewController.swift in Sources */,
				0938C21E298983DB00EDB1A1 /* FoodViewLayout.swift in Sources */,
				09C5D74429780A7600D7C214 /* ContentView.swift in Sources */,
				0937789A29821426007F8F06 /* AppData.swift in Sources */,
				0938C2282989872200EDB1A1 /* FoodCollectionViewCell.swift in Sources */,
				0937A2B3298BEEFB00776203 /* FoodViewController.swift in Sources */,
				0938C1E8298942BB00EDB1A1 /* UITextField+Ext.swift in Sources */,
				0938C2302989884000EDB1A1 /* FoodDescriptionDetailsView.swift in Sources */,
				09352BCA2988F9C300501DB1 /* ProfileViewController.swift in Sources */,
				0931C54529837E80008C3498 /* FoodModel.swift in Sources */,
				0937A294298B592A00776203 /* HeaderCollectionReusableView.swift in Sources */,
				092D184D29876DE100B883AE /* MainViewController.swift in Sources */,
			);
			runOnlyForDeploymentPostprocessing = 0;
		};
		09C5D74E29780A8200D7C214 /* Sources */ = {
			isa = PBXSourcesBuildPhase;
			buildActionMask = 2147483647;
			files = (
				09C5D75729780A8300D7C214 /* HealthFoodTests.swift in Sources */,
			);
			runOnlyForDeploymentPostprocessing = 0;
		};
		09C5D75929780A8300D7C214 /* Sources */ = {
			isa = PBXSourcesBuildPhase;
			buildActionMask = 2147483647;
			files = (
				09C5D76229780A8300D7C214 /* HealthFoodUITests.swift in Sources */,
			);
			runOnlyForDeploymentPostprocessing = 0;
		};
/* End PBXSourcesBuildPhase section */

/* Begin PBXTargetDependency section */
		09C5D75429780A8200D7C214 /* PBXTargetDependency */ = {
			isa = PBXTargetDependency;
			target = 09C5D73B29780A7600D7C214 /* HealthFood */;
			targetProxy = 09C5D75329780A8200D7C214 /* PBXContainerItemProxy */;
		};
		09C5D75F29780A8300D7C214 /* PBXTargetDependency */ = {
			isa = PBXTargetDependency;
			target = 09C5D73B29780A7600D7C214 /* HealthFood */;
			targetProxy = 09C5D75E29780A8300D7C214 /* PBXContainerItemProxy */;
		};
/* End PBXTargetDependency section */

/* Begin PBXVariantGroup section */
		09C5D74A29780A8200D7C214 /* LaunchScreen.storyboard */ = {
			isa = PBXVariantGroup;
			children = (
				09C5D74B29780A8200D7C214 /* Base */,
			);
			name = LaunchScreen.storyboard;
			sourceTree = "<group>";
		};
/* End PBXVariantGroup section */

/* Begin XCBuildConfiguration section */
		09C5D76429780A8300D7C214 /* Debug */ = {
			isa = XCBuildConfiguration;
			buildSettings = {
				ALWAYS_SEARCH_USER_PATHS = NO;
				CLANG_ANALYZER_NONNULL = YES;
				CLANG_ANALYZER_NUMBER_OBJECT_CONVERSION = YES_AGGRESSIVE;
				CLANG_CXX_LANGUAGE_STANDARD = "gnu++14";
				CLANG_CXX_LIBRARY = "libc++";
				CLANG_ENABLE_MODULES = YES;
				CLANG_ENABLE_OBJC_ARC = YES;
				CLANG_ENABLE_OBJC_WEAK = YES;
				CLANG_WARN_BLOCK_CAPTURE_AUTORELEASING = YES;
				CLANG_WARN_BOOL_CONVERSION = YES;
				CLANG_WARN_COMMA = YES;
				CLANG_WARN_CONSTANT_CONVERSION = YES;
				CLANG_WARN_DEPRECATED_OBJC_IMPLEMENTATIONS = YES;
				CLANG_WARN_DIRECT_OBJC_ISA_USAGE = YES_ERROR;
				CLANG_WARN_DOCUMENTATION_COMMENTS = YES;
				CLANG_WARN_EMPTY_BODY = YES;
				CLANG_WARN_ENUM_CONVERSION = YES;
				CLANG_WARN_INFINITE_RECURSION = YES;
				CLANG_WARN_INT_CONVERSION = YES;
				CLANG_WARN_NON_LITERAL_NULL_CONVERSION = YES;
				CLANG_WARN_OBJC_IMPLICIT_RETAIN_SELF = YES;
				CLANG_WARN_OBJC_LITERAL_CONVERSION = YES;
				CLANG_WARN_OBJC_ROOT_CLASS = YES_ERROR;
				CLANG_WARN_RANGE_LOOP_ANALYSIS = YES;
				CLANG_WARN_STRICT_PROTOTYPES = YES;
				CLANG_WARN_SUSPICIOUS_MOVE = YES;
				CLANG_WARN_UNGUARDED_AVAILABILITY = YES_AGGRESSIVE;
				CLANG_WARN_UNREACHABLE_CODE = YES;
				CLANG_WARN__DUPLICATE_METHOD_MATCH = YES;
				COPY_PHASE_STRIP = NO;
				DEBUG_INFORMATION_FORMAT = dwarf;
				ENABLE_STRICT_OBJC_MSGSEND = YES;
				ENABLE_TESTABILITY = YES;
				GCC_C_LANGUAGE_STANDARD = gnu11;
				GCC_DYNAMIC_NO_PIC = NO;
				GCC_NO_COMMON_BLOCKS = YES;
				GCC_OPTIMIZATION_LEVEL = 0;
				GCC_PREPROCESSOR_DEFINITIONS = (
					"DEBUG=1",
					"$(inherited)",
				);
				GCC_WARN_64_TO_32_BIT_CONVERSION = YES;
				GCC_WARN_ABOUT_RETURN_TYPE = YES_ERROR;
				GCC_WARN_UNDECLARED_SELECTOR = YES;
				GCC_WARN_UNINITIALIZED_AUTOS = YES_AGGRESSIVE;
				GCC_WARN_UNUSED_FUNCTION = YES;
				GCC_WARN_UNUSED_VARIABLE = YES;
				IPHONEOS_DEPLOYMENT_TARGET = 13.6;
				MTL_ENABLE_DEBUG_INFO = INCLUDE_SOURCE;
				MTL_FAST_MATH = YES;
				ONLY_ACTIVE_ARCH = YES;
				SDKROOT = iphoneos;
				SWIFT_ACTIVE_COMPILATION_CONDITIONS = DEBUG;
				SWIFT_OPTIMIZATION_LEVEL = "-Onone";
			};
			name = Debug;
		};
		09C5D76529780A8300D7C214 /* Release */ = {
			isa = XCBuildConfiguration;
			buildSettings = {
				ALWAYS_SEARCH_USER_PATHS = NO;
				CLANG_ANALYZER_NONNULL = YES;
				CLANG_ANALYZER_NUMBER_OBJECT_CONVERSION = YES_AGGRESSIVE;
				CLANG_CXX_LANGUAGE_STANDARD = "gnu++14";
				CLANG_CXX_LIBRARY = "libc++";
				CLANG_ENABLE_MODULES = YES;
				CLANG_ENABLE_OBJC_ARC = YES;
				CLANG_ENABLE_OBJC_WEAK = YES;
				CLANG_WARN_BLOCK_CAPTURE_AUTORELEASING = YES;
				CLANG_WARN_BOOL_CONVERSION = YES;
				CLANG_WARN_COMMA = YES;
				CLANG_WARN_CONSTANT_CONVERSION = YES;
				CLANG_WARN_DEPRECATED_OBJC_IMPLEMENTATIONS = YES;
				CLANG_WARN_DIRECT_OBJC_ISA_USAGE = YES_ERROR;
				CLANG_WARN_DOCUMENTATION_COMMENTS = YES;
				CLANG_WARN_EMPTY_BODY = YES;
				CLANG_WARN_ENUM_CONVERSION = YES;
				CLANG_WARN_INFINITE_RECURSION = YES;
				CLANG_WARN_INT_CONVERSION = YES;
				CLANG_WARN_NON_LITERAL_NULL_CONVERSION = YES;
				CLANG_WARN_OBJC_IMPLICIT_RETAIN_SELF = YES;
				CLANG_WARN_OBJC_LITERAL_CONVERSION = YES;
				CLANG_WARN_OBJC_ROOT_CLASS = YES_ERROR;
				CLANG_WARN_RANGE_LOOP_ANALYSIS = YES;
				CLANG_WARN_STRICT_PROTOTYPES = YES;
				CLANG_WARN_SUSPICIOUS_MOVE = YES;
				CLANG_WARN_UNGUARDED_AVAILABILITY = YES_AGGRESSIVE;
				CLANG_WARN_UNREACHABLE_CODE = YES;
				CLANG_WARN__DUPLICATE_METHOD_MATCH = YES;
				COPY_PHASE_STRIP = NO;
				DEBUG_INFORMATION_FORMAT = "dwarf-with-dsym";
				ENABLE_NS_ASSERTIONS = NO;
				ENABLE_STRICT_OBJC_MSGSEND = YES;
				GCC_C_LANGUAGE_STANDARD = gnu11;
				GCC_NO_COMMON_BLOCKS = YES;
				GCC_WARN_64_TO_32_BIT_CONVERSION = YES;
				GCC_WARN_ABOUT_RETURN_TYPE = YES_ERROR;
				GCC_WARN_UNDECLARED_SELECTOR = YES;
				GCC_WARN_UNINITIALIZED_AUTOS = YES_AGGRESSIVE;
				GCC_WARN_UNUSED_FUNCTION = YES;
				GCC_WARN_UNUSED_VARIABLE = YES;
				IPHONEOS_DEPLOYMENT_TARGET = 13.6;
				MTL_ENABLE_DEBUG_INFO = NO;
				MTL_FAST_MATH = YES;
				SDKROOT = iphoneos;
				SWIFT_COMPILATION_MODE = wholemodule;
				SWIFT_OPTIMIZATION_LEVEL = "-O";
				VALIDATE_PRODUCT = YES;
			};
			name = Release;
		};
		09C5D76729780A8300D7C214 /* Debug */ = {
			isa = XCBuildConfiguration;
			baseConfigurationReference = 6224D55DE142FC3402135753 /* Pods-HealthFood.debug.xcconfig */;
			buildSettings = {
				ASSETCATALOG_COMPILER_APPICON_NAME = AppIcon;
				CODE_SIGN_STYLE = Automatic;
				DEVELOPMENT_ASSET_PATHS = "\"HealthFood/Preview Content\"";
				DEVELOPMENT_TEAM = N2THM4JP49;
				ENABLE_PREVIEWS = YES;
				INFOPLIST_FILE = HealthFood/Info.plist;
				LD_RUNPATH_SEARCH_PATHS = (
					"$(inherited)",
					"@executable_path/Frameworks",
				);
				PRODUCT_BUNDLE_IDENTIFIER = com.pabasara.HealthFood;
				PRODUCT_NAME = "$(TARGET_NAME)";
				SWIFT_VERSION = 5.0;
				TARGETED_DEVICE_FAMILY = "1,2";
			};
			name = Debug;
		};
		09C5D76829780A8300D7C214 /* Release */ = {
			isa = XCBuildConfiguration;
			baseConfigurationReference = 4EF5C658C04F8449564661AC /* Pods-HealthFood.release.xcconfig */;
			buildSettings = {
				ASSETCATALOG_COMPILER_APPICON_NAME = AppIcon;
				CODE_SIGN_STYLE = Automatic;
				DEVELOPMENT_ASSET_PATHS = "\"HealthFood/Preview Content\"";
				DEVELOPMENT_TEAM = N2THM4JP49;
				ENABLE_PREVIEWS = YES;
				INFOPLIST_FILE = HealthFood/Info.plist;
				LD_RUNPATH_SEARCH_PATHS = (
					"$(inherited)",
					"@executable_path/Frameworks",
				);
				PRODUCT_BUNDLE_IDENTIFIER = com.pabasara.HealthFood;
				PRODUCT_NAME = "$(TARGET_NAME)";
				SWIFT_VERSION = 5.0;
				TARGETED_DEVICE_FAMILY = "1,2";
			};
			name = Release;
		};
		09C5D76A29780A8300D7C214 /* Debug */ = {
			isa = XCBuildConfiguration;
			baseConfigurationReference = 16E109B366A92AB0F6373A8D /* Pods-HealthFoodTests.debug.xcconfig */;
			buildSettings = {
				ALWAYS_EMBED_SWIFT_STANDARD_LIBRARIES = YES;
				BUNDLE_LOADER = "$(TEST_HOST)";
				CODE_SIGN_STYLE = Automatic;
				DEVELOPMENT_TEAM = N2THM4JP49;
				INFOPLIST_FILE = HealthFoodTests/Info.plist;
				IPHONEOS_DEPLOYMENT_TARGET = 13.6;
				LD_RUNPATH_SEARCH_PATHS = (
					"$(inherited)",
					"@executable_path/Frameworks",
					"@loader_path/Frameworks",
				);
				PRODUCT_BUNDLE_IDENTIFIER = com.pabasara.HealthFoodTests;
				PRODUCT_NAME = "$(TARGET_NAME)";
				SWIFT_VERSION = 5.0;
				TARGETED_DEVICE_FAMILY = "1,2";
				TEST_HOST = "$(BUILT_PRODUCTS_DIR)/HealthFood.app/HealthFood";
			};
			name = Debug;
		};
		09C5D76B29780A8300D7C214 /* Release */ = {
			isa = XCBuildConfiguration;
			baseConfigurationReference = 5B60A617F7A8C79BD40FDB45 /* Pods-HealthFoodTests.release.xcconfig */;
			buildSettings = {
				ALWAYS_EMBED_SWIFT_STANDARD_LIBRARIES = YES;
				BUNDLE_LOADER = "$(TEST_HOST)";
				CODE_SIGN_STYLE = Automatic;
				DEVELOPMENT_TEAM = N2THM4JP49;
				INFOPLIST_FILE = HealthFoodTests/Info.plist;
				IPHONEOS_DEPLOYMENT_TARGET = 13.6;
				LD_RUNPATH_SEARCH_PATHS = (
					"$(inherited)",
					"@executable_path/Frameworks",
					"@loader_path/Frameworks",
				);
				PRODUCT_BUNDLE_IDENTIFIER = com.pabasara.HealthFoodTests;
				PRODUCT_NAME = "$(TARGET_NAME)";
				SWIFT_VERSION = 5.0;
				TARGETED_DEVICE_FAMILY = "1,2";
				TEST_HOST = "$(BUILT_PRODUCTS_DIR)/HealthFood.app/HealthFood";
			};
			name = Release;
		};
		09C5D76D29780A8300D7C214 /* Debug */ = {
			isa = XCBuildConfiguration;
			baseConfigurationReference = 114F8B0D5EBDF3A4B7F6BADD /* Pods-HealthFood-HealthFoodUITests.debug.xcconfig */;
			buildSettings = {
				ALWAYS_EMBED_SWIFT_STANDARD_LIBRARIES = YES;
				CODE_SIGN_STYLE = Automatic;
				DEVELOPMENT_TEAM = N2THM4JP49;
				INFOPLIST_FILE = HealthFoodUITests/Info.plist;
				LD_RUNPATH_SEARCH_PATHS = (
					"$(inherited)",
					"@executable_path/Frameworks",
					"@loader_path/Frameworks",
				);
				PRODUCT_BUNDLE_IDENTIFIER = com.pabasara.HealthFoodUITests;
				PRODUCT_NAME = "$(TARGET_NAME)";
				SWIFT_VERSION = 5.0;
				TARGETED_DEVICE_FAMILY = "1,2";
				TEST_TARGET_NAME = HealthFood;
			};
			name = Debug;
		};
		09C5D76E29780A8300D7C214 /* Release */ = {
			isa = XCBuildConfiguration;
			baseConfigurationReference = 559C0ADB86A0DBBC0D2F46AF /* Pods-HealthFood-HealthFoodUITests.release.xcconfig */;
			buildSettings = {
				ALWAYS_EMBED_SWIFT_STANDARD_LIBRARIES = YES;
				CODE_SIGN_STYLE = Automatic;
				DEVELOPMENT_TEAM = N2THM4JP49;
				INFOPLIST_FILE = HealthFoodUITests/Info.plist;
				LD_RUNPATH_SEARCH_PATHS = (
					"$(inherited)",
					"@executable_path/Frameworks",
					"@loader_path/Frameworks",
				);
				PRODUCT_BUNDLE_IDENTIFIER = com.pabasara.HealthFoodUITests;
				PRODUCT_NAME = "$(TARGET_NAME)";
				SWIFT_VERSION = 5.0;
				TARGETED_DEVICE_FAMILY = "1,2";
				TEST_TARGET_NAME = HealthFood;
			};
			name = Release;
		};
/* End XCBuildConfiguration section */

/* Begin XCConfigurationList section */
		09C5D73729780A7600D7C214 /* Build configuration list for PBXProject "HealthFood" */ = {
			isa = XCConfigurationList;
			buildConfigurations = (
				09C5D76429780A8300D7C214 /* Debug */,
				09C5D76529780A8300D7C214 /* Release */,
			);
			defaultConfigurationIsVisible = 0;
			defaultConfigurationName = Release;
		};
		09C5D76629780A8300D7C214 /* Build configuration list for PBXNativeTarget "HealthFood" */ = {
			isa = XCConfigurationList;
			buildConfigurations = (
				09C5D76729780A8300D7C214 /* Debug */,
				09C5D76829780A8300D7C214 /* Release */,
			);
			defaultConfigurationIsVisible = 0;
			defaultConfigurationName = Release;
		};
		09C5D76929780A8300D7C214 /* Build configuration list for PBXNativeTarget "HealthFoodTests" */ = {
			isa = XCConfigurationList;
			buildConfigurations = (
				09C5D76A29780A8300D7C214 /* Debug */,
				09C5D76B29780A8300D7C214 /* Release */,
			);
			defaultConfigurationIsVisible = 0;
			defaultConfigurationName = Release;
		};
		09C5D76C29780A8300D7C214 /* Build configuration list for PBXNativeTarget "HealthFoodUITests" */ = {
			isa = XCConfigurationList;
			buildConfigurations = (
				09C5D76D29780A8300D7C214 /* Debug */,
				09C5D76E29780A8300D7C214 /* Release */,
			);
			defaultConfigurationIsVisible = 0;
			defaultConfigurationName = Release;
		};
/* End XCConfigurationList section */

/* Begin XCRemoteSwiftPackageReference section */
		0988F6A92984351D00DBB755 /* XCRemoteSwiftPackageReference "Kingfisher" */ = {
			isa = XCRemoteSwiftPackageReference;
			repositoryURL = "https://github.com/onevcat/Kingfisher.git";
			requirement = {
				kind = upToNextMajorVersion;
				minimumVersion = 7.5.0;
			};
		};
/* End XCRemoteSwiftPackageReference section */

/* Begin XCSwiftPackageProductDependency section */
		0988F6AA2984351D00DBB755 /* Kingfisher */ = {
			isa = XCSwiftPackageProductDependency;
			package = 0988F6A92984351D00DBB755 /* XCRemoteSwiftPackageReference "Kingfisher" */;
			productName = Kingfisher;
		};
/* End XCSwiftPackageProductDependency section */
	};
	rootObject = 09C5D73429780A7600D7C214 /* Project object */;
}
